{
  "name": "anonpost-public",
  "version": "1.0.0",
  "lockfileVersion": 2,
  "requires": true,
  "packages": {
    "": {
      "name": "anonpost-public",
      "version": "1.0.0",
      "license": "ISC",
      "dependencies": {
        "gifuct-js": "^2.1.1"
      }
    },
    "node_modules/gifuct-js": {
      "version": "2.1.1",
      "resolved": "https://registry.npmjs.org/gifuct-js/-/gifuct-js-2.1.1.tgz",
      "integrity": "sha512-DZkLjGtUs+cx0EDby+on/h/GrjizxcqGHLN6c8h8t8GHT1XBhRhfow/nl6L96fwSRO+37hTF2lCnoqUWFsKs9g==",
      "dependencies": {
        "js-binary-schema-parser": "^2.0.2"
      }
    },
    "node_modules/js-binary-schema-parser": {
      "version": "2.0.2",
      "resolved": "https://registry.npmjs.org/js-binary-schema-parser/-/js-binary-schema-parser-2.0.2.tgz",
      "integrity": "sha512-LUdtrIW6+4ERDhLO19cQBwYKWMcS09QpuBQSUmwYx+OXB8KzMiGDTNoVOTuo4dNrPItlYW0xyiUd1t/3HZtbxg=="
    }
  },
  "dependencies": {
    "gifuct-js": {
      "version": "2.1.1",
      "resolved": "https://registry.npmjs.org/gifuct-js/-/gifuct-js-2.1.1.tgz",
      "integrity": "sha512-DZkLjGtUs+cx0EDby+on/h/GrjizxcqGHLN6c8h8t8GHT1XBhRhfow/nl6L96fwSRO+37hTF2lCnoqUWFsKs9g==",
      "requires": {
        "js-binary-schema-parser": "^2.0.2"
      }
    },
    "js-binary-schema-parser": {
      "version": "2.0.2",
      "resolved": "https://registry.npmjs.org/js-binary-schema-parser/-/js-binary-schema-parser-2.0.2.tgz",
      "integrity": "sha512-LUdtrIW6+4ERDhLO19cQBwYKWMcS09QpuBQSUmwYx+OXB8KzMiGDTNoVOTuo4dNrPItlYW0xyiUd1t/3HZtbxg=="
    }
  }
}
